// !$*UTF8*$!
{
	archiveVersion = 1;
	classes = {
	};
	objectVersion = 55;
	objects = {

/* Begin PBXBuildFile section */
		509CBD9427608022001317BB /* AppDelegate.swift in Sources */ = {isa = PBXBuildFile; fileRef = 509CBD9327608022001317BB /* AppDelegate.swift */; };
		509CBD9627608022001317BB /* SceneDelegate.swift in Sources */ = {isa = PBXBuildFile; fileRef = 509CBD9527608022001317BB /* SceneDelegate.swift */; };
		509CBD9827608022001317BB /* ViewController.swift in Sources */ = {isa = PBXBuildFile; fileRef = 509CBD9727608022001317BB /* ViewController.swift */; };
		509CBD9D27608024001317BB /* Assets.xcassets in Resources */ = {isa = PBXBuildFile; fileRef = 509CBD9C27608024001317BB /* Assets.xcassets */; };
		509CBDA027608024001317BB /* LaunchScreen.storyboard in Resources */ = {isa = PBXBuildFile; fileRef = 509CBD9E27608024001317BB /* LaunchScreen.storyboard */; };
		509CBDA9276081C0001317BB /* SectionModel.swift in Sources */ = {isa = PBXBuildFile; fileRef = 509CBDA8276081C0001317BB /* SectionModel.swift */; };
		509CBDAC276084F5001317BB /* SettingsTableViewCell.swift in Sources */ = {isa = PBXBuildFile; fileRef = 509CBDAB276084F5001317BB /* SettingsTableViewCell.swift */; };
		509CBDAE27608511001317BB /* SwitchSettingsTableViewCell.swift in Sources */ = {isa = PBXBuildFile; fileRef = 509CBDAD27608511001317BB /* SwitchSettingsTableViewCell.swift */; };
		509CBDB027608523001317BB /* NotificationTableViewCell.swift in Sources */ = {isa = PBXBuildFile; fileRef = 509CBDAF27608523001317BB /* NotificationTableViewCell.swift */; };
/* End PBXBuildFile section */

/* Begin PBXFileReference section */
		509CBD9027608022001317BB /* Setting Screen Project.app */ = {isa = PBXFileReference; explicitFileType = wrapper.application; includeInIndex = 0; path = "Setting Screen Project.app"; sourceTree = BUILT_PRODUCTS_DIR; };
		509CBD9327608022001317BB /* AppDelegate.swift */ = {isa = PBXFileReference; lastKnownFileType = sourcecode.swift; path = AppDelegate.swift; sourceTree = "<group>"; };
		509CBD9527608022001317BB /* SceneDelegate.swift */ = {isa = PBXFileReference; lastKnownFileType = sourcecode.swift; path = SceneDelegate.swift; sourceTree = "<group>"; };
		509CBD9727608022001317BB /* ViewController.swift */ = {isa = PBXFileReference; lastKnownFileType = sourcecode.swift; path = ViewController.swift; sourceTree = "<group>"; };
		509CBD9C27608024001317BB /* Assets.xcassets */ = {isa = PBXFileReference; lastKnownFileType = folder.assetcatalog; path = Assets.xcassets; sourceTree = "<group>"; };
		509CBD9F27608024001317BB /* Base */ = {isa = PBXFileReference; lastKnownFileType = file.storyboard; name = Base; path = Base.lproj/LaunchScreen.storyboard; sourceTree = "<group>"; };
		509CBDA127608024001317BB /* Info.plist */ = {isa = PBXFileReference; lastKnownFileType = text.plist.xml; path = Info.plist; sourceTree = "<group>"; };
		509CBDA8276081C0001317BB /* SectionModel.swift */ = {isa = PBXFileReference; lastKnownFileType = sourcecode.swift; path = SectionModel.swift; sourceTree = "<group>"; };
		509CBDAB276084F5001317BB /* SettingsTableViewCell.swift */ = {isa = PBXFileReference; lastKnownFileType = sourcecode.swift; path = SettingsTableViewCell.swift; sourceTree = "<group>"; };
		509CBDAD27608511001317BB /* SwitchSettingsTableViewCell.swift */ = {isa = PBXFileReference; lastKnownFileType = sourcecode.swift; path = SwitchSettingsTableViewCell.swift; sourceTree = "<group>"; };
		509CBDAF27608523001317BB /* NotificationTableViewCell.swift */ = {isa = PBXFileReference; lastKnownFileType = sourcecode.swift; path = NotificationTableViewCell.swift; sourceTree = "<group>"; };
/* End PBXFileReference section */

/* Begin PBXFrameworksBuildPhase section */
		509CBD8D27608022001317BB /* Frameworks */ = {
			isa = PBXFrameworksBuildPhase;
			buildActionMask = 2147483647;
			files = (
			);
			runOnlyForDeploymentPostprocessing = 0;
		};
/* End PBXFrameworksBuildPhase section */

/* Begin PBXGroup section */
		50574B5327672CED00DB5923 /* Resources */ = {
			isa = PBXGroup;
			children = (
				509CBD9C27608024001317BB /* Assets.xcassets */,
				50574B5427672D0000DB5923 /* Storyboards */,
			);
			path = Resources;
			sourceTree = "<group>";
		};
		50574B5427672D0000DB5923 /* Storyboards */ = {
			isa = PBXGroup;
			children = (
				509CBD9E27608024001317BB /* LaunchScreen.storyboard */,
			);
			path = Storyboards;
			sourceTree = "<group>";
		};
		50574B5527672D1C00DB5923 /* Sources */ = {
			isa = PBXGroup;
			children = (
				50574B5727672D3300DB5923 /* Scenes */,
				50574B5627672D2700DB5923 /* App */,
			);
			path = Sources;
			sourceTree = "<group>";
		};
		50574B5627672D2700DB5923 /* App */ = {
			isa = PBXGroup;
			children = (
				509CBD9527608022001317BB /* SceneDelegate.swift */,
				509CBD9327608022001317BB /* AppDelegate.swift */,
			);
			path = App;
			sourceTree = "<group>";
		};
		50574B5727672D3300DB5923 /* Scenes */ = {
			isa = PBXGroup;
			children = (
				509CBDAA276084DD001317BB /* Cells */,
				509CBDA7276081AA001317BB /* Models */,
				509CBD9727608022001317BB /* ViewController.swift */,
			);
			path = Scenes;
			sourceTree = "<group>";
		};
		509CBD8727608022001317BB = {
			isa = PBXGroup;
			children = (
				509CBD9227608022001317BB /* Setting Screen Project */,
				509CBD9127608022001317BB /* Products */,
			);
			sourceTree = "<group>";
		};
		509CBD9127608022001317BB /* Products */ = {
			isa = PBXGroup;
			children = (
				509CBD9027608022001317BB /* Setting Screen Project.app */,
			);
			name = Products;
			sourceTree = "<group>";
		};
		509CBD9227608022001317BB /* Setting Screen Project */ = {
			isa = PBXGroup;
			children = (
				50574B5327672CED00DB5923 /* Resources */,
				50574B5527672D1C00DB5923 /* Sources */,
				509CBDA127608024001317BB /* Info.plist */,
			);
			path = "Setting Screen Project";
			sourceTree = "<group>";
		};
		509CBDA7276081AA001317BB /* Models */ = {
			isa = PBXGroup;
			children = (
				509CBDA8276081C0001317BB /* SectionModel.swift */,
			);
			path = Models;
			sourceTree = "<group>";
		};
		509CBDAA276084DD001317BB /* Cells */ = {
			isa = PBXGroup;
			children = (
				509CBDAB276084F5001317BB /* SettingsTableViewCell.swift */,
				509CBDAD27608511001317BB /* SwitchSettingsTableViewCell.swift */,
				509CBDAF27608523001317BB /* NotificationTableViewCell.swift */,
			);
			path = Cells;
			sourceTree = "<group>";
		};
/* End PBXGroup section */

/* Begin PBXNativeTarget section */
		509CBD8F27608022001317BB /* Setting Screen Project */ = {
			isa = PBXNativeTarget;
			buildConfigurationList = 509CBDA427608024001317BB /* Build configuration list for PBXNativeTarget "Setting Screen Project" */;
			buildPhases = (
				509CBD8C27608022001317BB /* Sources */,
				509CBD8D27608022001317BB /* Frameworks */,
				509CBD8E27608022001317BB /* Resources */,
			);
			buildRules = (
			);
			dependencies = (
			);
			name = "Setting Screen Project";
			productName = "Setting Screen Project";
			productReference = 509CBD9027608022001317BB /* Setting Screen Project.app */;
			productType = "com.apple.product-type.application";
		};
/* End PBXNativeTarget section */

/* Begin PBXProject section */
		509CBD8827608022001317BB /* Project object */ = {
			isa = PBXProject;
			attributes = {
				BuildIndependentTargetsInParallel = 1;
				LastSwiftUpdateCheck = 1300;
				LastUpgradeCheck = 1300;
				TargetAttributes = {
					509CBD8F27608022001317BB = {
						CreatedOnToolsVersion = 13.0;
					};
				};
			};
			buildConfigurationList = 509CBD8B27608022001317BB /* Build configuration list for PBXProject "Setting Screen Project" */;
			compatibilityVersion = "Xcode 13.0";
			developmentRegion = en;
			hasScannedForEncodings = 0;
			knownRegions = (
				en,
				Base,
			);
			mainGroup = 509CBD8727608022001317BB;
			productRefGroup = 509CBD9127608022001317BB /* Products */;
			projectDirPath = "";
			projectRoot = "";
			targets = (
				509CBD8F27608022001317BB /* Setting Screen Project */,
			);
		};
/* End PBXProject section */

/* Begin PBXResourcesBuildPhase section */
		509CBD8E27608022001317BB /* Resources */ = {
			isa = PBXResourcesBuildPhase;
			buildActionMask = 2147483647;
			files = (
				509CBDA027608024001317BB /* LaunchScreen.storyboard in Resources */,
				509CBD9D27608024001317BB /* Assets.xcassets in Resources */,
			);
			runOnlyForDeploymentPostprocessing = 0;
		};
/* End PBXResourcesBuildPhase section */

/* Begin PBXSourcesBuildPhase section */
		509CBD8C27608022001317BB /* Sources */ = {
			isa = PBXSourcesBuildPhase;
			buildActionMask = 2147483647;
			files = (
				509CBDB027608523001317BB /* NotificationTableViewCell.swift in Sources */,
				509CBD9827608022001317BB /* ViewController.swift in Sources */,
				509CBD9427608022001317BB /* AppDelegate.swift in Sources */,
				509CBD9627608022001317BB /* SceneDelegate.swift in Sources */,
				509CBDAC276084F5001317BB /* SettingsTableViewCell.swift in Sources */,
				509CBDAE27608511001317BB /* SwitchSettingsTableViewCell.swift in Sources */,
				509CBDA9276081C0001317BB /* SectionModel.swift in Sources */,
			);
			runOnlyForDeploymentPostprocessing = 0;
		};
/* End PBXSourcesBuildPhase section */

/* Begin PBXVariantGroup section */
		509CBD9E27608024001317BB /* LaunchScreen.storyboard */ = {
			isa = PBXVariantGroup;
			children = (
				509CBD9F27608024001317BB /* Base */,
			);
			name = LaunchScreen.storyboard;
			sourceTree = "<group>";
		};
/* End PBXVariantGroup section */

/* Begin XCBuildConfiguration section */
		509CBDA227608024001317BB /* Debug */ = {
			isa = XCBuildConfiguration;
			buildSettings = {
				ALWAYS_SEARCH_USER_PATHS = NO;
				CLANG_ANALYZER_NONNULL = YES;
				CLANG_ANALYZER_NUMBER_OBJECT_CONVERSION = YES_AGGRESSIVE;
				CLANG_CXX_LANGUAGE_STANDARD = "gnu++17";
				CLANG_CXX_LIBRARY = "libc++";
				CLANG_ENABLE_MODULES = YES;
				CLANG_ENABLE_OBJC_ARC = YES;
				CLANG_ENABLE_OBJC_WEAK = YES;
				CLANG_WARN_BLOCK_CAPTURE_AUTORELEASING = YES;
				CLANG_WARN_BOOL_CONVERSION = YES;
				CLANG_WARN_COMMA = YES;
				CLANG_WARN_CONSTANT_CONVERSION = YES;
				CLANG_WARN_DEPRECATED_OBJC_IMPLEMENTATIONS = YES;
				CLANG_WARN_DIRECT_OBJC_ISA_USAGE = YES_ERROR;
				CLANG_WARN_DOCUMENTATION_COMMENTS = YES;
				CLANG_WARN_EMPTY_BODY = YES;
				CLANG_WARN_ENUM_CONVERSION = YES;
				CLANG_WARN_INFINITE_RECURSION = YES;
				CLANG_WARN_INT_CONVERSION = YES;
				CLANG_WARN_NON_LITERAL_NULL_CONVERSION = YES;
				CLANG_WARN_OBJC_IMPLICIT_RETAIN_SELF = YES;
				CLANG_WARN_OBJC_LITERAL_CONVERSION = YES;
				CLANG_WARN_OBJC_ROOT_CLASS = YES_ERROR;
				CLANG_WARN_QUOTED_INCLUDE_IN_FRAMEWORK_HEADER = YES;
				CLANG_WARN_RANGE_LOOP_ANALYSIS = YES;
				CLANG_WARN_STRICT_PROTOTYPES = YES;
				CLANG_WARN_SUSPICIOUS_MOVE = YES;
				CLANG_WARN_UNGUARDED_AVAILABILITY = YES_AGGRESSIVE;
				CLANG_WARN_UNREACHABLE_CODE = YES;
				CLANG_WARN__DUPLICATE_METHOD_MATCH = YES;
				COPY_PHASE_STRIP = NO;
				DEBUG_INFORMATION_FORMAT = dwarf;
				ENABLE_STRICT_OBJC_MSGSEND = YES;
				ENABLE_TESTABILITY = YES;
				GCC_C_LANGUAGE_STANDARD = gnu11;
				GCC_DYNAMIC_NO_PIC = NO;
				GCC_NO_COMMON_BLOCKS = YES;
				GCC_OPTIMIZATION_LEVEL = 0;
				GCC_PREPROCESSOR_DEFINITIONS = (
					"DEBUG=1",
					"$(inherited)",
				);
				GCC_WARN_64_TO_32_BIT_CONVERSION = YES;
				GCC_WARN_ABOUT_RETURN_TYPE = YES_ERROR;
				GCC_WARN_UNDECLARED_SELECTOR = YES;
				GCC_WARN_UNINITIALIZED_AUTOS = YES_AGGRESSIVE;
				GCC_WARN_UNUSED_FUNCTION = YES;
				GCC_WARN_UNUSED_VARIABLE = YES;
				IPHONEOS_DEPLOYMENT_TARGET = 15.0;
				MTL_ENABLE_DEBUG_INFO = INCLUDE_SOURCE;
				MTL_FAST_MATH = YES;
				ONLY_ACTIVE_ARCH = YES;
				SDKROOT = iphoneos;
				SWIFT_ACTIVE_COMPILATION_CONDITIONS = DEBUG;
				SWIFT_OPTIMIZATION_LEVEL = "-Onone";
			};
			name = Debug;
		};
		509CBDA327608024001317BB /* Release */ = {
			isa = XCBuildConfiguration;
			buildSettings = {
				ALWAYS_SEARCH_USER_PATHS = NO;
				CLANG_ANALYZER_NONNULL = YES;
				CLANG_ANALYZER_NUMBER_OBJECT_CONVERSION = YES_AGGRESSIVE;
				CLANG_CXX_LANGUAGE_STANDARD = "gnu++17";
				CLANG_CXX_LIBRARY = "libc++";
				CLANG_ENABLE_MODULES = YES;
				CLANG_ENABLE_OBJC_ARC = YES;
				CLANG_ENABLE_OBJC_WEAK = YES;
				CLANG_WARN_BLOCK_CAPTURE_AUTORELEASING = YES;
				CLANG_WARN_BOOL_CONVERSION = YES;
				CLANG_WARN_COMMA = YES;
				CLANG_WARN_CONSTANT_CONVERSION = YES;
				CLANG_WARN_DEPRECATED_OBJC_IMPLEMENTATIONS = YES;
				CLANG_WARN_DIRECT_OBJC_ISA_USAGE = YES_ERROR;
				CLANG_WARN_DOCUMENTATION_COMMENTS = YES;
				CLANG_WARN_EMPTY_BODY = YES;
				CLANG_WARN_ENUM_CONVERSION = YES;
				CLANG_WARN_INFINITE_RECURSION = YES;
				CLANG_WARN_INT_CONVERSION = YES;
				CLANG_WARN_NON_LITERAL_NULL_CONVERSION = YES;
				CLANG_WARN_OBJC_IMPLICIT_RETAIN_SELF = YES;
				CLANG_WARN_OBJC_LITERAL_CONVERSION = YES;
				CLANG_WARN_OBJC_ROOT_CLASS = YES_ERROR;
				CLANG_WARN_QUOTED_INCLUDE_IN_FRAMEWORK_HEADER = YES;
				CLANG_WARN_RANGE_LOOP_ANALYSIS = YES;
				CLANG_WARN_STRICT_PROTOTYPES = YES;
				CLANG_WARN_SUSPICIOUS_MOVE = YES;
				CLANG_WARN_UNGUARDED_AVAILABILITY = YES_AGGRESSIVE;
				CLANG_WARN_UNREACHABLE_CODE = YES;
				CLANG_WARN__DUPLICATE_METHOD_MATCH = YES;
				COPY_PHASE_STRIP = NO;
				DEBUG_INFORMATION_FORMAT = "dwarf-with-dsym";
				ENABLE_NS_ASSERTIONS = NO;
				ENABLE_STRICT_OBJC_MSGSEND = YES;
				GCC_C_LANGUAGE_STANDARD = gnu11;
				GCC_NO_COMMON_BLOCKS = YES;
				GCC_WARN_64_TO_32_BIT_CONVERSION = YES;
				GCC_WARN_ABOUT_RETURN_TYPE = YES_ERROR;
				GCC_WARN_UNDECLARED_SELECTOR = YES;
				GCC_WARN_UNINITIALIZED_AUTOS = YES_AGGRESSIVE;
				GCC_WARN_UNUSED_FUNCTION = YES;
				GCC_WARN_UNUSED_VARIABLE = YES;
				IPHONEOS_DEPLOYMENT_TARGET = 15.0;
				MTL_ENABLE_DEBUG_INFO = NO;
				MTL_FAST_MATH = YES;
				SDKROOT = iphoneos;
				SWIFT_COMPILATION_MODE = wholemodule;
				SWIFT_OPTIMIZATION_LEVEL = "-O";
				VALIDATE_PRODUCT = YES;
			};
			name = Release;
		};
		509CBDA527608024001317BB /* Debug */ = {
			isa = XCBuildConfiguration;
			buildSettings = {
				ASSETCATALOG_COMPILER_APPICON_NAME = AppIcon;
				ASSETCATALOG_COMPILER_GLOBAL_ACCENT_COLOR_NAME = AccentColor;
				CODE_SIGN_STYLE = Automatic;
				CURRENT_PROJECT_VERSION = 1;
				DEVELOPMENT_TEAM = 3AP5HUCPUK;
				GENERATE_INFOPLIST_FILE = YES;
				INFOPLIST_FILE = "Setting Screen Project/Info.plist";
				INFOPLIST_KEY_UIApplicationSupportsIndirectInputEvents = YES;
				INFOPLIST_KEY_UILaunchStoryboardName = LaunchScreen;
				INFOPLIST_KEY_UISupportedInterfaceOrientations_iPad = "UIInterfaceOrientationPortrait UIInterfaceOrientationPortraitUpsideDown UIInterfaceOrientationLandscapeLeft UIInterfaceOrientationLandscapeRight";
				INFOPLIST_KEY_UISupportedInterfaceOrientations_iPhone = "UIInterfaceOrientationPortrait UIInterfaceOrientationLandscapeLeft UIInterfaceOrientationLandscapeRight";
				LD_RUNPATH_SEARCH_PATHS = (
					"$(inherited)",
					"@executable_path/Frameworks",
				);
				MARKETING_VERSION = 1.0;
				PRODUCT_BUNDLE_IDENTIFIER = "com.Setting-Screen-Project";
				PRODUCT_NAME = "$(TARGET_NAME)";
				SWIFT_EMIT_LOC_STRINGS = YES;
				SWIFT_VERSION = 5.0;
				TARGETED_DEVICE_FAMILY = "1,2";
			};
			name = Debug;
		};
		509CBDA627608024001317BB /* Release */ = {
			isa = XCBuildConfiguration;
			buildSettings = {
				ASSETCATALOG_COMPILER_APPICON_NAME = AppIcon;
				ASSETCATALOG_COMPILER_GLOBAL_ACCENT_COLOR_NAME = AccentColor;
				CODE_SIGN_STYLE = Automatic;
				CURRENT_PROJECT_VERSION = 1;
				DEVELOPMENT_TEAM = 3AP5HUCPUK;
				GENERATE_INFOPLIST_FILE = YES;
				INFOPLIST_FILE = "Setting Screen Project/Info.plist";
				INFOPLIST_KEY_UIApplicationSupportsIndirectInputEvents = YES;
				INFOPLIST_KEY_UILaunchStoryboardName = LaunchScreen;
				INFOPLIST_KEY_UISupportedInterfaceOrientations_iPad = "UIInterfaceOrientationPortrait UIInterfaceOrientationPortraitUpsideDown UIInterfaceOrientationLandscapeLeft UIInterfaceOrientationLandscapeRight";
				INFOPLIST_KEY_UISupportedInterfaceOrientations_iPhone = "UIInterfaceOrientationPortrait UIInterfaceOrientationLandscapeLeft UIInterfaceOrientationLandscapeRight";
				LD_RUNPATH_SEARCH_PATHS = (
					"$(inherited)",
					"@executable_path/Frameworks",
				);
				MARKETING_VERSION = 1.0;
				PRODUCT_BUNDLE_IDENTIFIER = "com.Setting-Screen-Project";
				PRODUCT_NAME = "$(TARGET_NAME)";
				SWIFT_EMIT_LOC_STRINGS = YES;
				SWIFT_VERSION = 5.0;
				TARGETED_DEVICE_FAMILY = "1,2";
			};
			name = Release;
		};
/* End XCBuildConfiguration section */

/* Begin XCConfigurationList section */
		509CBD8B27608022001317BB /* Build configuration list for PBXProject "Setting Screen Project" */ = {
			isa = XCConfigurationList;
			buildConfigurations = (
				509CBDA227608024001317BB /* Debug */,
				509CBDA327608024001317BB /* Release */,
			);
			defaultConfigurationIsVisible = 0;
			defaultConfigurationName = Release;
		};
		509CBDA427608024001317BB /* Build configuration list for PBXNativeTarget "Setting Screen Project" */ = {
			isa = XCConfigurationList;
			buildConfigurations = (
				509CBDA527608024001317BB /* Debug */,
				509CBDA627608024001317BB /* Release */,
			);
			defaultConfigurationIsVisible = 0;
			defaultConfigurationName = Release;
		};
/* End XCConfigurationList section */
	};
	rootObject = 509CBD8827608022001317BB /* Project object */;
}
